
Microsoft Visual Studio Solution File, Format Version 12.00
Project("{FAE04EC0-301F-11D3-BF4B-00C04F79EFBC}") = "MyApp", "MyApp.csproj", "{6FF2EA21-C43B-47F9-ADBB-F738D6FBE529}"
EndProject
Global
	GlobalSection(SolutionConfigurationPlatforms) = preSolution
		Debug|Any CPU = Debug|Any CPU
		Release|Any CPU = Release|Any CPU
	EndGlobalSection
	GlobalSection(ProjectConfigurationPlatforms) = postSolution
		{6FF2EA21-C43B-47F9-ADBB-F738D6FBE529}.Debug|Any CPU.ActiveCfg = Debug|Any CPU
		{6FF2EA21-C43B-47F9-ADBB-F738D6FBE529}.Debug|Any CPU.Build.0 = Debug|Any CPU
		{6FF2EA21-C43B-47F9-ADBB-F738D6FBE529}.Release|Any CPU.ActiveCfg = Release|Any CPU
		{6FF2EA21-C43B-47F9-ADBB-F738D6FBE529}.Release|Any CPU.Build.0 = Release|Any CPU
	EndGlobalSection
EndGlobal
